
Microsoft Visual Studio Solution File, Format Version 12.00
# Visual Studio Version 17
VisualStudioVersion = 17.11.35431.28
MinimumVisualStudioVersion = 10.0.40219.1
Project("{FAE04EC0-301F-11D3-BF4B-00C04F79EFBC}") = "Course project", "Course project\Course project.csproj", "{A710692F-A023-4CD8-9898-64599CEE7BC4}"
EndProject
Project("{FAE04EC0-301F-11D3-BF4B-00C04F79EFBC}") = "UnitTestProject1", "UnitTestProject1\UnitTestProject1.csproj", "{3CD75159-A120-475E-B71C-FFD58A24120F}"
EndProject
Global
	GlobalSection(SolutionConfigurationPlatforms) = preSolution
		Debug|Any CPU = Debug|Any CPU
		Release|Any CPU = Release|Any CPU
	EndGlobalSection
	GlobalSection(ProjectConfigurationPlatforms) = postSolution
		{A710692F-A023-4CD8-9898-64599CEE7BC4}.Debug|Any CPU.ActiveCfg = Debug|Any CPU
		{A710692F-A023-4CD8-9898-64599CEE7BC4}.Debug|Any CPU.Build.0 = Debug|Any CPU
		{A710692F-A023-4CD8-9898-64599CEE7BC4}.Release|Any CPU.ActiveCfg = Release|Any CPU
		{A710692F-A023-4CD8-9898-64599CEE7BC4}.Release|Any CPU.Build.0 = Release|Any CPU
		{3CD75159-A120-475E-B71C-FFD58A24120F}.Debug|Any CPU.ActiveCfg = Debug|Any CPU
		{3CD75159-A120-475E-B71C-FFD58A24120F}.Debug|Any CPU.Build.0 = Debug|Any CPU
		{3CD75159-A120-475E-B71C-FFD58A24120F}.Release|Any CPU.ActiveCfg = Release|Any CPU
		{3CD75159-A120-475E-B71C-FFD58A24120F}.Release|Any CPU.Build.0 = Release|Any CPU
	EndGlobalSection
	GlobalSection(SolutionProperties) = preSolution
		HideSolutionNode = FALSE
	EndGlobalSection
	GlobalSection(ExtensibilityGlobals) = postSolution
		SolutionGuid = {5029CE99-60BD-433D-960A-5B45F4615A1C}
	EndGlobalSection
EndGlobal
